
Microsoft Visual Studio Solution File, Format Version 12.00
# Visual Studio Version 16
VisualStudioVersion = 16.0.31112.23
MinimumVisualStudioVersion = 10.0.40219.1
Project("{8BC9CEB8-8B4A-11D0-8D11-00A0C91BC942}") = "Project1", "Project1.vcxproj", "{3AAA6E86-E98B-4030-AC2A-C62E09FEAC87}"
EndProject
Global
	GlobalSection(SolutionConfigurationPlatforms) = preSolution
		Debug|x64 = Debug|x64
		Debug|x86 = Debug|x86
		Release|x64 = Release|x64
		Release|x86 = Release|x86
	EndGlobalSection
	GlobalSection(ProjectConfigurationPlatforms) = postSolution
		{3AAA6E86-E98B-4030-AC2A-C62E09FEAC87}.Debug|x64.ActiveCfg = Debug|x64
		{3AAA6E86-E98B-4030-AC2A-C62E09FEAC87}.Debug|x64.Build.0 = Debug|x64
		{3AAA6E86-E98B-4030-AC2A-C62E09FEAC87}.Debug|x86.ActiveCfg = Debug|Win32
		{3AAA6E86-E98B-4030-AC2A-C62E09FEAC87}.Debug|x86.Build.0 = Debug|Win32
		{3AAA6E86-E98B-4030-AC2A-C62E09FEAC87}.Release|x64.ActiveCfg = Release|x64
		{3AAA6E86-E98B-4030-AC2A-C62E09FEAC87}.Release|x64.Build.0 = Release|x64
		{3AAA6E86-E98B-4030-AC2A-C62E09FEAC87}.Release|x86.ActiveCfg = Release|Win32
		{3AAA6E86-E98B-4030-AC2A-C62E09FEAC87}.Release|x86.Build.0 = Release|Win32
	EndGlobalSection
	GlobalSection(SolutionProperties) = preSolution
		HideSolutionNode = FALSE
	EndGlobalSection
	GlobalSection(ExtensibilityGlobals) = postSolution
		SolutionGuid = {9590C924-7767-4E1B-88E5-C3B44CA17234}
	EndGlobalSection
EndGlobal
